
Microsoft Visual Studio Solution File, Format Version 12.00
# Visual Studio Version 16
VisualStudioVersion = 16.0.31624.102
MinimumVisualStudioVersion = 10.0.40219.1
Project("{FAE04EC0-301F-11D3-BF4B-00C04F79EFBC}") = "2DTransformations", "2DTransformations\2DTransformations.csproj", "{C9261D7D-D049-42FD-BCA4-79EC4EAF098E}"
EndProject
Global
	GlobalSection(SolutionConfigurationPlatforms) = preSolution
		Debug|Any CPU = Debug|Any CPU
		Release|Any CPU = Release|Any CPU
	EndGlobalSection
	GlobalSection(ProjectConfigurationPlatforms) = postSolution
		{C9261D7D-D049-42FD-BCA4-79EC4EAF098E}.Debug|Any CPU.ActiveCfg = Debug|Any CPU
		{C9261D7D-D049-42FD-BCA4-79EC4EAF098E}.Debug|Any CPU.Build.0 = Debug|Any CPU
		{C9261D7D-D049-42FD-BCA4-79EC4EAF098E}.Release|Any CPU.ActiveCfg = Release|Any CPU
		{C9261D7D-D049-42FD-BCA4-79EC4EAF098E}.Release|Any CPU.Build.0 = Release|Any CPU
	EndGlobalSection
	GlobalSection(SolutionProperties) = preSolution
		HideSolutionNode = FALSE
	EndGlobalSection
	GlobalSection(ExtensibilityGlobals) = postSolution
		SolutionGuid = {D73CCFAE-FB70-48CE-8C6A-4C4059E2111D}
	EndGlobalSection
EndGlobal
